
Microsoft Visual Studio Solution File, Format Version 12.00
# Visual Studio Version 16
VisualStudioVersion = 16.0.29009.5
MinimumVisualStudioVersion = 10.0.40219.1
Project("{FAE04EC0-301F-11D3-BF4B-00C04F79EFBC}") = "PS-AST", "PS-AST\PS-AST.csproj", "{2148B90C-EF94-4DA4-8A7C-FF2C05030FDB}"
EndProject
Project("{FAE04EC0-301F-11D3-BF4B-00C04F79EFBC}") = "SplitScriptFunctions", "SplitScriptFunctions\SplitScriptFunctions.csproj", "{F220C634-F992-4F34-BAD1-1AD20670D6D5}"
EndProject
Global
	GlobalSection(SolutionConfigurationPlatforms) = preSolution
		Debug|Any CPU = Debug|Any CPU
		Release|Any CPU = Release|Any CPU
	EndGlobalSection
	GlobalSection(ProjectConfigurationPlatforms) = postSolution
		{2148B90C-EF94-4DA4-8A7C-FF2C05030FDB}.Debug|Any CPU.ActiveCfg = Debug|Any CPU
		{2148B90C-EF94-4DA4-8A7C-FF2C05030FDB}.Debug|Any CPU.Build.0 = Debug|Any CPU
		{2148B90C-EF94-4DA4-8A7C-FF2C05030FDB}.Release|Any CPU.ActiveCfg = Release|Any CPU
		{2148B90C-EF94-4DA4-8A7C-FF2C05030FDB}.Release|Any CPU.Build.0 = Release|Any CPU
		{F220C634-F992-4F34-BAD1-1AD20670D6D5}.Debug|Any CPU.ActiveCfg = Debug|Any CPU
		{F220C634-F992-4F34-BAD1-1AD20670D6D5}.Debug|Any CPU.Build.0 = Debug|Any CPU
		{F220C634-F992-4F34-BAD1-1AD20670D6D5}.Release|Any CPU.ActiveCfg = Release|Any CPU
		{F220C634-F992-4F34-BAD1-1AD20670D6D5}.Release|Any CPU.Build.0 = Release|Any CPU
	EndGlobalSection
	GlobalSection(SolutionProperties) = preSolution
		HideSolutionNode = FALSE
	EndGlobalSection
	GlobalSection(ExtensibilityGlobals) = postSolution
		SolutionGuid = {A398F1E7-EEFD-4363-8397-0E40E4F8B66E}
	EndGlobalSection
EndGlobal
